
Microsoft Visual Studio Solution File, Format Version 12.00
# Visual Studio Version 17
VisualStudioVersion = 17.13.35828.75 d17.13
MinimumVisualStudioVersion = 10.0.40219.1
Project("{FAE04EC0-301F-11D3-BF4B-00C04F79EFBC}") = "Group_11", "Group_11\Group_11.csproj", "{DE32CF97-3BD1-4512-894F-D27503215804}"
EndProject
Global
	GlobalSection(SolutionConfigurationPlatforms) = preSolution
		Debug|Any CPU = Debug|Any CPU
		Release|Any CPU = Release|Any CPU
	EndGlobalSection
	GlobalSection(ProjectConfigurationPlatforms) = postSolution
		{DE32CF97-3BD1-4512-894F-D27503215804}.Debug|Any CPU.ActiveCfg = Debug|Any CPU
		{DE32CF97-3BD1-4512-894F-D27503215804}.Debug|Any CPU.Build.0 = Debug|Any CPU
		{DE32CF97-3BD1-4512-894F-D27503215804}.Release|Any CPU.ActiveCfg = Release|Any CPU
		{DE32CF97-3BD1-4512-894F-D27503215804}.Release|Any CPU.Build.0 = Release|Any CPU
	EndGlobalSection
	GlobalSection(SolutionProperties) = preSolution
		HideSolutionNode = FALSE
	EndGlobalSection
	GlobalSection(ExtensibilityGlobals) = postSolution
		SolutionGuid = {76585B66-CF62-459D-B435-3ACC208BEFB4}
	EndGlobalSection
EndGlobal
